
Microsoft Visual Studio Solution File, Format Version 12.00
# Visual Studio Version 16
VisualStudioVersion = 16.0.30114.105
MinimumVisualStudioVersion = 10.0.40219.1
Project("{FAE04EC0-301F-11D3-BF4B-00C04F79EFBC}") = "ReiTunes", "ReiTunes\ReiTunes.csproj", "{60C4497D-1BD4-40B6-96B1-1CF9CB7A9D99}"
EndProject
Project("{2150E333-8FDC-42A3-9474-1A3956D46DE8}") = "Solution Items", "Solution Items", "{80CD61C9-B617-418E-9171-F113E2F41350}"
	ProjectSection(SolutionItems) = preProject
		.editorconfig = .editorconfig
		.gitignore = .gitignore
		README.md = README.md
	EndProjectSection
EndProject
Project("{9A19103F-16F7-4668-BE54-9A1E7A4F7556}") = "ReiTunes.DevTools", "ReiTunes.DevTools\ReiTunes.DevTools.csproj", "{F5EA3D09-7F51-4F3E-A08B-73F304B1FDE1}"
EndProject
Project("{9A19103F-16F7-4668-BE54-9A1E7A4F7556}") = "ReiTunes.Core", "ReiTunes.Core\ReiTunes.Core.csproj", "{0C32F57A-411C-4759-9842-8B13A3E482EA}"
EndProject
Project("{9A19103F-16F7-4668-BE54-9A1E7A4F7556}") = "ReiTunes.Core.Tests.xUnit", "ReiTunes.Core.Tests.xUnit\ReiTunes.Core.Tests.xUnit.csproj", "{EB6B2F04-3001-4B92-A95B-7E1A39A7AF3B}"
EndProject
Project("{FAE04EC0-301F-11D3-BF4B-00C04F79EFBC}") = "ReiTunes.Tests.xUnit", "ReiTunes.Tests.xUnit\ReiTunes.Tests.xUnit.csproj", "{4FDE16E5-8E06-4157-BD94-C558D325036A}"
EndProject
Project("{9A19103F-16F7-4668-BE54-9A1E7A4F7556}") = "ReiTunes.AzureFunctions", "ReiTunes.AzureFunctions\ReiTunes.AzureFunctions.csproj", "{FCA82F50-5B83-446F-818E-7C841BCDD4C3}"
EndProject
Project("{F2A71F9B-5D33-465A-A702-920D77279786}") = "ReiTunes.Records", "ReiTunes.Records\ReiTunes.Records.fsproj", "{72710112-91A9-4C50-8047-B9CB90C65431}"
EndProject
Global
	GlobalSection(SolutionConfigurationPlatforms) = preSolution
		Debug|Any CPU = Debug|Any CPU
		Debug|ARM = Debug|ARM
		Debug|ARM64 = Debug|ARM64
		Debug|x64 = Debug|x64
		Debug|x86 = Debug|x86
		Release|Any CPU = Release|Any CPU
		Release|ARM = Release|ARM
		Release|ARM64 = Release|ARM64
		Release|x64 = Release|x64
		Release|x86 = Release|x86
	EndGlobalSection
	GlobalSection(ProjectConfigurationPlatforms) = postSolution
		{60C4497D-1BD4-40B6-96B1-1CF9CB7A9D99}.Debug|Any CPU.ActiveCfg = Debug|x86
		{60C4497D-1BD4-40B6-96B1-1CF9CB7A9D99}.Debug|ARM.ActiveCfg = Debug|ARM
		{60C4497D-1BD4-40B6-96B1-1CF9CB7A9D99}.Debug|ARM.Build.0 = Debug|ARM
		{60C4497D-1BD4-40B6-96B1-1CF9CB7A9D99}.Debug|ARM.Deploy.0 = Debug|ARM
		{60C4497D-1BD4-40B6-96B1-1CF9CB7A9D99}.Debug|ARM64.ActiveCfg = Debug|ARM64
		{60C4497D-1BD4-40B6-96B1-1CF9CB7A9D99}.Debug|ARM64.Build.0 = Debug|ARM64
		{60C4497D-1BD4-40B6-96B1-1CF9CB7A9D99}.Debug|ARM64.Deploy.0 = Debug|ARM64
		{60C4497D-1BD4-40B6-96B1-1CF9CB7A9D99}.Debug|x64.ActiveCfg = Debug|x64
		{60C4497D-1BD4-40B6-96B1-1CF9CB7A9D99}.Debug|x64.Build.0 = Debug|x64
		{60C4497D-1BD4-40B6-96B1-1CF9CB7A9D99}.Debug|x64.Deploy.0 = Debug|x64
		{60C4497D-1BD4-40B6-96B1-1CF9CB7A9D99}.Debug|x86.ActiveCfg = Debug|x86
		{60C4497D-1BD4-40B6-96B1-1CF9CB7A9D99}.Debug|x86.Build.0 = Debug|x86
		{60C4497D-1BD4-40B6-96B1-1CF9CB7A9D99}.Debug|x86.Deploy.0 = Debug|x86
		{60C4497D-1BD4-40B6-96B1-1CF9CB7A9D99}.Release|Any CPU.ActiveCfg = Release|x86
		{60C4497D-1BD4-40B6-96B1-1CF9CB7A9D99}.Release|ARM.ActiveCfg = Release|ARM
		{60C4497D-1BD4-40B6-96B1-1CF9CB7A9D99}.Release|ARM.Build.0 = Release|ARM
		{60C4497D-1BD4-40B6-96B1-1CF9CB7A9D99}.Release|ARM.Deploy.0 = Release|ARM
		{60C4497D-1BD4-40B6-96B1-1CF9CB7A9D99}.Release|ARM64.ActiveCfg = Release|ARM64
		{60C4497D-1BD4-40B6-96B1-1CF9CB7A9D99}.Release|ARM64.Build.0 = Release|ARM64
		{60C4497D-1BD4-40B6-96B1-1CF9CB7A9D99}.Release|ARM64.Deploy.0 = Release|ARM64
		{60C4497D-1BD4-40B6-96B1-1CF9CB7A9D99}.Release|x64.ActiveCfg = Release|x64
		{60C4497D-1BD4-40B6-96B1-1CF9CB7A9D99}.Release|x64.Build.0 = Release|x64
		{60C4497D-1BD4-40B6-96B1-1CF9CB7A9D99}.Release|x64.Deploy.0 = Release|x64
		{60C4497D-1BD4-40B6-96B1-1CF9CB7A9D99}.Release|x86.ActiveCfg = Release|x86
		{60C4497D-1BD4-40B6-96B1-1CF9CB7A9D99}.Release|x86.Build.0 = Release|x86
		{60C4497D-1BD4-40B6-96B1-1CF9CB7A9D99}.Release|x86.Deploy.0 = Release|x86
		{F5EA3D09-7F51-4F3E-A08B-73F304B1FDE1}.Debug|Any CPU.ActiveCfg = Debug|Any CPU
		{F5EA3D09-7F51-4F3E-A08B-73F304B1FDE1}.Debug|Any CPU.Build.0 = Debug|Any CPU
		{F5EA3D09-7F51-4F3E-A08B-73F304B1FDE1}.Debug|ARM.ActiveCfg = Debug|Any CPU
		{F5EA3D09-7F51-4F3E-A08B-73F304B1FDE1}.Debug|ARM.Build.0 = Debug|Any CPU
		{F5EA3D09-7F51-4F3E-A08B-73F304B1FDE1}.Debug|ARM64.ActiveCfg = Debug|Any CPU
		{F5EA3D09-7F51-4F3E-A08B-73F304B1FDE1}.Debug|ARM64.Build.0 = Debug|Any CPU
		{F5EA3D09-7F51-4F3E-A08B-73F304B1FDE1}.Debug|x64.ActiveCfg = Debug|Any CPU
		{F5EA3D09-7F51-4F3E-A08B-73F304B1FDE1}.Debug|x64.Build.0 = Debug|Any CPU
		{F5EA3D09-7F51-4F3E-A08B-73F304B1FDE1}.Debug|x86.ActiveCfg = Debug|Any CPU
		{F5EA3D09-7F51-4F3E-A08B-73F304B1FDE1}.Debug|x86.Build.0 = Debug|Any CPU
		{F5EA3D09-7F51-4F3E-A08B-73F304B1FDE1}.Release|Any CPU.ActiveCfg = Release|Any CPU
		{F5EA3D09-7F51-4F3E-A08B-73F304B1FDE1}.Release|Any CPU.Build.0 = Release|Any CPU
		{F5EA3D09-7F51-4F3E-A08B-73F304B1FDE1}.Release|ARM.ActiveCfg = Release|Any CPU
		{F5EA3D09-7F51-4F3E-A08B-73F304B1FDE1}.Release|ARM.Build.0 = Release|Any CPU
		{F5EA3D09-7F51-4F3E-A08B-73F304B1FDE1}.Release|ARM64.ActiveCfg = Release|Any CPU
		{F5EA3D09-7F51-4F3E-A08B-73F304B1FDE1}.Release|ARM64.Build.0 = Release|Any CPU
		{F5EA3D09-7F51-4F3E-A08B-73F304B1FDE1}.Release|x64.ActiveCfg = Release|Any CPU
		{F5EA3D09-7F51-4F3E-A08B-73F304B1FDE1}.Release|x86.ActiveCfg = Release|Any CPU
		{F5EA3D09-7F51-4F3E-A08B-73F304B1FDE1}.Release|x86.Build.0 = Release|Any CPU
		{0C32F57A-411C-4759-9842-8B13A3E482EA}.Debug|Any CPU.ActiveCfg = Debug|Any CPU
		{0C32F57A-411C-4759-9842-8B13A3E482EA}.Debug|Any CPU.Build.0 = Debug|Any CPU
		{0C32F57A-411C-4759-9842-8B13A3E482EA}.Debug|ARM.ActiveCfg = Debug|Any CPU
		{0C32F57A-411C-4759-9842-8B13A3E482EA}.Debug|ARM.Build.0 = Debug|Any CPU
		{0C32F57A-411C-4759-9842-8B13A3E482EA}.Debug|ARM64.ActiveCfg = Debug|Any CPU
		{0C32F57A-411C-4759-9842-8B13A3E482EA}.Debug|ARM64.Build.0 = Debug|Any CPU
		{0C32F57A-411C-4759-9842-8B13A3E482EA}.Debug|x64.ActiveCfg = Debug|Any CPU
		{0C32F57A-411C-4759-9842-8B13A3E482EA}.Debug|x64.Build.0 = Debug|Any CPU
		{0C32F57A-411C-4759-9842-8B13A3E482EA}.Debug|x86.ActiveCfg = Debug|Any CPU
		{0C32F57A-411C-4759-9842-8B13A3E482EA}.Debug|x86.Build.0 = Debug|Any CPU
		{0C32F57A-411C-4759-9842-8B13A3E482EA}.Release|Any CPU.ActiveCfg = Release|Any CPU
		{0C32F57A-411C-4759-9842-8B13A3E482EA}.Release|Any CPU.Build.0 = Release|Any CPU
		{0C32F57A-411C-4759-9842-8B13A3E482EA}.Release|ARM.ActiveCfg = Release|Any CPU
		{0C32F57A-411C-4759-9842-8B13A3E482EA}.Release|ARM.Build.0 = Release|Any CPU
		{0C32F57A-411C-4759-9842-8B13A3E482EA}.Release|ARM64.ActiveCfg = Release|Any CPU
		{0C32F57A-411C-4759-9842-8B13A3E482EA}.Release|ARM64.Build.0 = Release|Any CPU
		{0C32F57A-411C-4759-9842-8B13A3E482EA}.Release|x64.ActiveCfg = Release|Any CPU
		{0C32F57A-411C-4759-9842-8B13A3E482EA}.Release|x64.Build.0 = Release|Any CPU
		{0C32F57A-411C-4759-9842-8B13A3E482EA}.Release|x86.ActiveCfg = Release|Any CPU
		{0C32F57A-411C-4759-9842-8B13A3E482EA}.Release|x86.Build.0 = Release|Any CPU
		{EB6B2F04-3001-4B92-A95B-7E1A39A7AF3B}.Debug|Any CPU.ActiveCfg = Debug|Any CPU
		{EB6B2F04-3001-4B92-A95B-7E1A39A7AF3B}.Debug|Any CPU.Build.0 = Debug|Any CPU
		{EB6B2F04-3001-4B92-A95B-7E1A39A7AF3B}.Debug|ARM.ActiveCfg = Debug|Any CPU
		{EB6B2F04-3001-4B92-A95B-7E1A39A7AF3B}.Debug|ARM.Build.0 = Debug|Any CPU
		{EB6B2F04-3001-4B92-A95B-7E1A39A7AF3B}.Debug|ARM64.ActiveCfg = Debug|Any CPU
		{EB6B2F04-3001-4B92-A95B-7E1A39A7AF3B}.Debug|ARM64.Build.0 = Debug|Any CPU
		{EB6B2F04-3001-4B92-A95B-7E1A39A7AF3B}.Debug|x64.ActiveCfg = Debug|Any CPU
		{EB6B2F04-3001-4B92-A95B-7E1A39A7AF3B}.Debug|x64.Build.0 = Debug|Any CPU
		{EB6B2F04-3001-4B92-A95B-7E1A39A7AF3B}.Debug|x86.ActiveCfg = Debug|Any CPU
		{EB6B2F04-3001-4B92-A95B-7E1A39A7AF3B}.Debug|x86.Build.0 = Debug|Any CPU
		{EB6B2F04-3001-4B92-A95B-7E1A39A7AF3B}.Release|Any CPU.ActiveCfg = Release|Any CPU
		{EB6B2F04-3001-4B92-A95B-7E1A39A7AF3B}.Release|Any CPU.Build.0 = Release|Any CPU
		{EB6B2F04-3001-4B92-A95B-7E1A39A7AF3B}.Release|ARM.ActiveCfg = Release|Any CPU
		{EB6B2F04-3001-4B92-A95B-7E1A39A7AF3B}.Release|ARM.Build.0 = Release|Any CPU
		{EB6B2F04-3001-4B92-A95B-7E1A39A7AF3B}.Release|ARM64.ActiveCfg = Release|Any CPU
		{EB6B2F04-3001-4B92-A95B-7E1A39A7AF3B}.Release|ARM64.Build.0 = Release|Any CPU
		{EB6B2F04-3001-4B92-A95B-7E1A39A7AF3B}.Release|x64.ActiveCfg = Release|Any CPU
		{EB6B2F04-3001-4B92-A95B-7E1A39A7AF3B}.Release|x86.ActiveCfg = Release|Any CPU
		{EB6B2F04-3001-4B92-A95B-7E1A39A7AF3B}.Release|x86.Build.0 = Release|Any CPU
		{4FDE16E5-8E06-4157-BD94-C558D325036A}.Debug|Any CPU.ActiveCfg = Debug|x86
		{4FDE16E5-8E06-4157-BD94-C558D325036A}.Debug|ARM.ActiveCfg = Debug|ARM
		{4FDE16E5-8E06-4157-BD94-C558D325036A}.Debug|ARM.Build.0 = Debug|ARM
		{4FDE16E5-8E06-4157-BD94-C558D325036A}.Debug|ARM.Deploy.0 = Debug|ARM
		{4FDE16E5-8E06-4157-BD94-C558D325036A}.Debug|ARM64.ActiveCfg = Debug|x86
		{4FDE16E5-8E06-4157-BD94-C558D325036A}.Debug|x64.ActiveCfg = Debug|x64
		{4FDE16E5-8E06-4157-BD94-C558D325036A}.Debug|x64.Build.0 = Debug|x64
		{4FDE16E5-8E06-4157-BD94-C558D325036A}.Debug|x64.Deploy.0 = Debug|x64
		{4FDE16E5-8E06-4157-BD94-C558D325036A}.Debug|x86.ActiveCfg = Debug|x86
		{4FDE16E5-8E06-4157-BD94-C558D325036A}.Debug|x86.Build.0 = Debug|x86
		{4FDE16E5-8E06-4157-BD94-C558D325036A}.Debug|x86.Deploy.0 = Debug|x86
		{4FDE16E5-8E06-4157-BD94-C558D325036A}.Release|Any CPU.ActiveCfg = Release|x86
		{4FDE16E5-8E06-4157-BD94-C558D325036A}.Release|ARM.ActiveCfg = Release|ARM
		{4FDE16E5-8E06-4157-BD94-C558D325036A}.Release|ARM.Build.0 = Release|ARM
		{4FDE16E5-8E06-4157-BD94-C558D325036A}.Release|ARM.Deploy.0 = Release|ARM
		{4FDE16E5-8E06-4157-BD94-C558D325036A}.Release|ARM64.ActiveCfg = Release|x86
		{4FDE16E5-8E06-4157-BD94-C558D325036A}.Release|x64.ActiveCfg = Release|x64
		{4FDE16E5-8E06-4157-BD94-C558D325036A}.Release|x86.ActiveCfg = Release|x86
		{4FDE16E5-8E06-4157-BD94-C558D325036A}.Release|x86.Build.0 = Release|x86
		{4FDE16E5-8E06-4157-BD94-C558D325036A}.Release|x86.Deploy.0 = Release|x86
		{FCA82F50-5B83-446F-818E-7C841BCDD4C3}.Debug|Any CPU.ActiveCfg = Debug|Any CPU
		{FCA82F50-5B83-446F-818E-7C841BCDD4C3}.Debug|Any CPU.Build.0 = Debug|Any CPU
		{FCA82F50-5B83-446F-818E-7C841BCDD4C3}.Debug|ARM.ActiveCfg = Debug|Any CPU
		{FCA82F50-5B83-446F-818E-7C841BCDD4C3}.Debug|ARM.Build.0 = Debug|Any CPU
		{FCA82F50-5B83-446F-818E-7C841BCDD4C3}.Debug|ARM64.ActiveCfg = Debug|Any CPU
		{FCA82F50-5B83-446F-818E-7C841BCDD4C3}.Debug|ARM64.Build.0 = Debug|Any CPU
		{FCA82F50-5B83-446F-818E-7C841BCDD4C3}.Debug|x64.ActiveCfg = Debug|Any CPU
		{FCA82F50-5B83-446F-818E-7C841BCDD4C3}.Debug|x64.Build.0 = Debug|Any CPU
		{FCA82F50-5B83-446F-818E-7C841BCDD4C3}.Debug|x86.ActiveCfg = Debug|Any CPU
		{FCA82F50-5B83-446F-818E-7C841BCDD4C3}.Debug|x86.Build.0 = Debug|Any CPU
		{FCA82F50-5B83-446F-818E-7C841BCDD4C3}.Release|Any CPU.ActiveCfg = Release|Any CPU
		{FCA82F50-5B83-446F-818E-7C841BCDD4C3}.Release|Any CPU.Build.0 = Release|Any CPU
		{FCA82F50-5B83-446F-818E-7C841BCDD4C3}.Release|ARM.ActiveCfg = Release|Any CPU
		{FCA82F50-5B83-446F-818E-7C841BCDD4C3}.Release|ARM.Build.0 = Release|Any CPU
		{FCA82F50-5B83-446F-818E-7C841BCDD4C3}.Release|ARM64.ActiveCfg = Release|Any CPU
		{FCA82F50-5B83-446F-818E-7C841BCDD4C3}.Release|ARM64.Build.0 = Release|Any CPU
		{FCA82F50-5B83-446F-818E-7C841BCDD4C3}.Release|x64.ActiveCfg = Release|Any CPU
		{FCA82F50-5B83-446F-818E-7C841BCDD4C3}.Release|x64.Build.0 = Release|Any CPU
		{FCA82F50-5B83-446F-818E-7C841BCDD4C3}.Release|x86.ActiveCfg = Release|Any CPU
		{FCA82F50-5B83-446F-818E-7C841BCDD4C3}.Release|x86.Build.0 = Release|Any CPU
		{72710112-91A9-4C50-8047-B9CB90C65431}.Debug|Any CPU.ActiveCfg = Debug|Any CPU
		{72710112-91A9-4C50-8047-B9CB90C65431}.Debug|Any CPU.Build.0 = Debug|Any CPU
		{72710112-91A9-4C50-8047-B9CB90C65431}.Debug|ARM.ActiveCfg = Debug|Any CPU
		{72710112-91A9-4C50-8047-B9CB90C65431}.Debug|ARM.Build.0 = Debug|Any CPU
		{72710112-91A9-4C50-8047-B9CB90C65431}.Debug|ARM64.ActiveCfg = Debug|Any CPU
		{72710112-91A9-4C50-8047-B9CB90C65431}.Debug|ARM64.Build.0 = Debug|Any CPU
		{72710112-91A9-4C50-8047-B9CB90C65431}.Debug|x64.ActiveCfg = Debug|Any CPU
		{72710112-91A9-4C50-8047-B9CB90C65431}.Debug|x64.Build.0 = Debug|Any CPU
		{72710112-91A9-4C50-8047-B9CB90C65431}.Debug|x86.ActiveCfg = Debug|Any CPU
		{72710112-91A9-4C50-8047-B9CB90C65431}.Debug|x86.Build.0 = Debug|Any CPU
		{72710112-91A9-4C50-8047-B9CB90C65431}.Release|Any CPU.ActiveCfg = Release|Any CPU
		{72710112-91A9-4C50-8047-B9CB90C65431}.Release|Any CPU.Build.0 = Release|Any CPU
		{72710112-91A9-4C50-8047-B9CB90C65431}.Release|ARM.ActiveCfg = Release|Any CPU
		{72710112-91A9-4C50-8047-B9CB90C65431}.Release|ARM.Build.0 = Release|Any CPU
		{72710112-91A9-4C50-8047-B9CB90C65431}.Release|ARM64.ActiveCfg = Release|Any CPU
		{72710112-91A9-4C50-8047-B9CB90C65431}.Release|ARM64.Build.0 = Release|Any CPU
		{72710112-91A9-4C50-8047-B9CB90C65431}.Release|x64.ActiveCfg = Release|Any CPU
		{72710112-91A9-4C50-8047-B9CB90C65431}.Release|x64.Build.0 = Release|Any CPU
		{72710112-91A9-4C50-8047-B9CB90C65431}.Release|x86.ActiveCfg = Release|Any CPU
		{72710112-91A9-4C50-8047-B9CB90C65431}.Release|x86.Build.0 = Release|Any CPU
	EndGlobalSection
	GlobalSection(SolutionProperties) = preSolution
		HideSolutionNode = FALSE
	EndGlobalSection
	GlobalSection(ExtensibilityGlobals) = postSolution
		SolutionGuid = {532E3867-B358-4462-9EBF-163D10AF7E85}
	EndGlobalSection
EndGlobal
