
Microsoft Visual Studio Solution File, Format Version 12.00
# Visual Studio Version 17
VisualStudioVersion = 17.0.31710.8
MinimumVisualStudioVersion = 10.0.40219.1
Project("{FAE04EC0-301F-11D3-BF4B-00C04F79EFBC}") = "ReiTunes", "ReiTunes\ReiTunes.csproj", "{60C4497D-1BD4-40B6-96B1-1CF9CB7A9D99}"
EndProject
Project("{2150E333-8FDC-42A3-9474-1A3956D46DE8}") = "Solution Items", "Solution Items", "{80CD61C9-B617-418E-9171-F113E2F41350}"
	ProjectSection(SolutionItems) = preProject
		.editorconfig = .editorconfig
		.gitignore = .gitignore
		publish.ps1 = publish.ps1
		README.md = README.md
	EndProjectSection
EndProject
Project("{9A19103F-16F7-4668-BE54-9A1E7A4F7556}") = "ReiTunes.Core", "ReiTunes.Core\ReiTunes.Core.csproj", "{0C32F57A-411C-4759-9842-8B13A3E482EA}"
EndProject
Project("{9A19103F-16F7-4668-BE54-9A1E7A4F7556}") = "ReiTunes.Core.Tests.xUnit", "ReiTunes.Core.Tests.xUnit\ReiTunes.Core.Tests.xUnit.csproj", "{EB6B2F04-3001-4B92-A95B-7E1A39A7AF3B}"
EndProject
Project("{9A19103F-16F7-4668-BE54-9A1E7A4F7556}") = "ReiTunes.AzureFunctions", "ReiTunes.AzureFunctions\ReiTunes.AzureFunctions.csproj", "{E124AE22-EA05-4E97-9F83-C4DFCB4E6996}"
EndProject
Project("{9A19103F-16F7-4668-BE54-9A1E7A4F7556}") = "ReiTunes.Server", "ReiTunes.Server\ReiTunes.Server.csproj", "{E46AAC53-2EAA-4E50-A78A-69C3A4A52CF3}"
EndProject
Project("{9A19103F-16F7-4668-BE54-9A1E7A4F7556}") = "ReiTunes.Server.Tests", "ReiTunes.Server.Tests\ReiTunes.Server.Tests.csproj", "{818B69F1-8781-46D9-B6D2-2632E99C4A57}"
EndProject
Project("{9A19103F-16F7-4668-BE54-9A1E7A4F7556}") = "Benchmarker", "Benchmarker\Benchmarker.csproj", "{3B6C5834-C301-4FE4-9AA1-EAF1F3BE3E04}"
EndProject
Global
	GlobalSection(SolutionConfigurationPlatforms) = preSolution
		Debug|Any CPU = Debug|Any CPU
		Debug|ARM = Debug|ARM
		Debug|ARM64 = Debug|ARM64
		Debug|x64 = Debug|x64
		Debug|x86 = Debug|x86
		Release|Any CPU = Release|Any CPU
		Release|ARM = Release|ARM
		Release|ARM64 = Release|ARM64
		Release|x64 = Release|x64
		Release|x86 = Release|x86
	EndGlobalSection
	GlobalSection(ProjectConfigurationPlatforms) = postSolution
		{60C4497D-1BD4-40B6-96B1-1CF9CB7A9D99}.Debug|Any CPU.ActiveCfg = Debug|x86
		{60C4497D-1BD4-40B6-96B1-1CF9CB7A9D99}.Debug|ARM.ActiveCfg = Debug|ARM
		{60C4497D-1BD4-40B6-96B1-1CF9CB7A9D99}.Debug|ARM.Build.0 = Debug|ARM
		{60C4497D-1BD4-40B6-96B1-1CF9CB7A9D99}.Debug|ARM.Deploy.0 = Debug|ARM
		{60C4497D-1BD4-40B6-96B1-1CF9CB7A9D99}.Debug|ARM64.ActiveCfg = Debug|ARM64
		{60C4497D-1BD4-40B6-96B1-1CF9CB7A9D99}.Debug|ARM64.Build.0 = Debug|ARM64
		{60C4497D-1BD4-40B6-96B1-1CF9CB7A9D99}.Debug|ARM64.Deploy.0 = Debug|ARM64
		{60C4497D-1BD4-40B6-96B1-1CF9CB7A9D99}.Debug|x64.ActiveCfg = Debug|x64
		{60C4497D-1BD4-40B6-96B1-1CF9CB7A9D99}.Debug|x64.Build.0 = Debug|x64
		{60C4497D-1BD4-40B6-96B1-1CF9CB7A9D99}.Debug|x64.Deploy.0 = Debug|x64
		{60C4497D-1BD4-40B6-96B1-1CF9CB7A9D99}.Debug|x86.ActiveCfg = Debug|x86
		{60C4497D-1BD4-40B6-96B1-1CF9CB7A9D99}.Debug|x86.Build.0 = Debug|x86
		{60C4497D-1BD4-40B6-96B1-1CF9CB7A9D99}.Debug|x86.Deploy.0 = Debug|x86
		{60C4497D-1BD4-40B6-96B1-1CF9CB7A9D99}.Release|Any CPU.ActiveCfg = Release|x86
		{60C4497D-1BD4-40B6-96B1-1CF9CB7A9D99}.Release|ARM.ActiveCfg = Release|ARM
		{60C4497D-1BD4-40B6-96B1-1CF9CB7A9D99}.Release|ARM.Build.0 = Release|ARM
		{60C4497D-1BD4-40B6-96B1-1CF9CB7A9D99}.Release|ARM.Deploy.0 = Release|ARM
		{60C4497D-1BD4-40B6-96B1-1CF9CB7A9D99}.Release|ARM64.ActiveCfg = Release|ARM64
		{60C4497D-1BD4-40B6-96B1-1CF9CB7A9D99}.Release|ARM64.Build.0 = Release|ARM64
		{60C4497D-1BD4-40B6-96B1-1CF9CB7A9D99}.Release|ARM64.Deploy.0 = Release|ARM64
		{60C4497D-1BD4-40B6-96B1-1CF9CB7A9D99}.Release|x64.ActiveCfg = Release|x64
		{60C4497D-1BD4-40B6-96B1-1CF9CB7A9D99}.Release|x64.Build.0 = Release|x64
		{60C4497D-1BD4-40B6-96B1-1CF9CB7A9D99}.Release|x64.Deploy.0 = Release|x64
		{60C4497D-1BD4-40B6-96B1-1CF9CB7A9D99}.Release|x86.ActiveCfg = Release|x86
		{60C4497D-1BD4-40B6-96B1-1CF9CB7A9D99}.Release|x86.Build.0 = Release|x86
		{60C4497D-1BD4-40B6-96B1-1CF9CB7A9D99}.Release|x86.Deploy.0 = Release|x86
		{0C32F57A-411C-4759-9842-8B13A3E482EA}.Debug|Any CPU.ActiveCfg = Debug|Any CPU
		{0C32F57A-411C-4759-9842-8B13A3E482EA}.Debug|Any CPU.Build.0 = Debug|Any CPU
		{0C32F57A-411C-4759-9842-8B13A3E482EA}.Debug|ARM.ActiveCfg = Debug|Any CPU
		{0C32F57A-411C-4759-9842-8B13A3E482EA}.Debug|ARM.Build.0 = Debug|Any CPU
		{0C32F57A-411C-4759-9842-8B13A3E482EA}.Debug|ARM64.ActiveCfg = Debug|Any CPU
		{0C32F57A-411C-4759-9842-8B13A3E482EA}.Debug|ARM64.Build.0 = Debug|Any CPU
		{0C32F57A-411C-4759-9842-8B13A3E482EA}.Debug|x64.ActiveCfg = Debug|Any CPU
		{0C32F57A-411C-4759-9842-8B13A3E482EA}.Debug|x64.Build.0 = Debug|Any CPU
		{0C32F57A-411C-4759-9842-8B13A3E482EA}.Debug|x86.ActiveCfg = Debug|Any CPU
		{0C32F57A-411C-4759-9842-8B13A3E482EA}.Debug|x86.Build.0 = Debug|Any CPU
		{0C32F57A-411C-4759-9842-8B13A3E482EA}.Release|Any CPU.ActiveCfg = Release|Any CPU
		{0C32F57A-411C-4759-9842-8B13A3E482EA}.Release|Any CPU.Build.0 = Release|Any CPU
		{0C32F57A-411C-4759-9842-8B13A3E482EA}.Release|ARM.ActiveCfg = Release|Any CPU
		{0C32F57A-411C-4759-9842-8B13A3E482EA}.Release|ARM.Build.0 = Release|Any CPU
		{0C32F57A-411C-4759-9842-8B13A3E482EA}.Release|ARM64.ActiveCfg = Release|Any CPU
		{0C32F57A-411C-4759-9842-8B13A3E482EA}.Release|ARM64.Build.0 = Release|Any CPU
		{0C32F57A-411C-4759-9842-8B13A3E482EA}.Release|x64.ActiveCfg = Release|Any CPU
		{0C32F57A-411C-4759-9842-8B13A3E482EA}.Release|x64.Build.0 = Release|Any CPU
		{0C32F57A-411C-4759-9842-8B13A3E482EA}.Release|x86.ActiveCfg = Release|Any CPU
		{0C32F57A-411C-4759-9842-8B13A3E482EA}.Release|x86.Build.0 = Release|Any CPU
		{EB6B2F04-3001-4B92-A95B-7E1A39A7AF3B}.Debug|Any CPU.ActiveCfg = Debug|Any CPU
		{EB6B2F04-3001-4B92-A95B-7E1A39A7AF3B}.Debug|Any CPU.Build.0 = Debug|Any CPU
		{EB6B2F04-3001-4B92-A95B-7E1A39A7AF3B}.Debug|ARM.ActiveCfg = Debug|Any CPU
		{EB6B2F04-3001-4B92-A95B-7E1A39A7AF3B}.Debug|ARM.Build.0 = Debug|Any CPU
		{EB6B2F04-3001-4B92-A95B-7E1A39A7AF3B}.Debug|ARM64.ActiveCfg = Debug|Any CPU
		{EB6B2F04-3001-4B92-A95B-7E1A39A7AF3B}.Debug|ARM64.Build.0 = Debug|Any CPU
		{EB6B2F04-3001-4B92-A95B-7E1A39A7AF3B}.Debug|x64.ActiveCfg = Debug|Any CPU
		{EB6B2F04-3001-4B92-A95B-7E1A39A7AF3B}.Debug|x64.Build.0 = Debug|Any CPU
		{EB6B2F04-3001-4B92-A95B-7E1A39A7AF3B}.Debug|x86.ActiveCfg = Debug|Any CPU
		{EB6B2F04-3001-4B92-A95B-7E1A39A7AF3B}.Debug|x86.Build.0 = Debug|Any CPU
		{EB6B2F04-3001-4B92-A95B-7E1A39A7AF3B}.Release|Any CPU.ActiveCfg = Release|Any CPU
		{EB6B2F04-3001-4B92-A95B-7E1A39A7AF3B}.Release|Any CPU.Build.0 = Release|Any CPU
		{EB6B2F04-3001-4B92-A95B-7E1A39A7AF3B}.Release|ARM.ActiveCfg = Release|Any CPU
		{EB6B2F04-3001-4B92-A95B-7E1A39A7AF3B}.Release|ARM.Build.0 = Release|Any CPU
		{EB6B2F04-3001-4B92-A95B-7E1A39A7AF3B}.Release|ARM64.ActiveCfg = Release|Any CPU
		{EB6B2F04-3001-4B92-A95B-7E1A39A7AF3B}.Release|ARM64.Build.0 = Release|Any CPU
		{EB6B2F04-3001-4B92-A95B-7E1A39A7AF3B}.Release|x64.ActiveCfg = Release|Any CPU
		{EB6B2F04-3001-4B92-A95B-7E1A39A7AF3B}.Release|x86.ActiveCfg = Release|Any CPU
		{EB6B2F04-3001-4B92-A95B-7E1A39A7AF3B}.Release|x86.Build.0 = Release|Any CPU
		{E124AE22-EA05-4E97-9F83-C4DFCB4E6996}.Debug|Any CPU.ActiveCfg = Debug|Any CPU
		{E124AE22-EA05-4E97-9F83-C4DFCB4E6996}.Debug|Any CPU.Build.0 = Debug|Any CPU
		{E124AE22-EA05-4E97-9F83-C4DFCB4E6996}.Debug|ARM.ActiveCfg = Debug|Any CPU
		{E124AE22-EA05-4E97-9F83-C4DFCB4E6996}.Debug|ARM.Build.0 = Debug|Any CPU
		{E124AE22-EA05-4E97-9F83-C4DFCB4E6996}.Debug|ARM64.ActiveCfg = Debug|Any CPU
		{E124AE22-EA05-4E97-9F83-C4DFCB4E6996}.Debug|ARM64.Build.0 = Debug|Any CPU
		{E124AE22-EA05-4E97-9F83-C4DFCB4E6996}.Debug|x64.ActiveCfg = Debug|Any CPU
		{E124AE22-EA05-4E97-9F83-C4DFCB4E6996}.Debug|x64.Build.0 = Debug|Any CPU
		{E124AE22-EA05-4E97-9F83-C4DFCB4E6996}.Debug|x86.ActiveCfg = Debug|Any CPU
		{E124AE22-EA05-4E97-9F83-C4DFCB4E6996}.Debug|x86.Build.0 = Debug|Any CPU
		{E124AE22-EA05-4E97-9F83-C4DFCB4E6996}.Release|Any CPU.ActiveCfg = Release|Any CPU
		{E124AE22-EA05-4E97-9F83-C4DFCB4E6996}.Release|Any CPU.Build.0 = Release|Any CPU
		{E124AE22-EA05-4E97-9F83-C4DFCB4E6996}.Release|ARM.ActiveCfg = Release|Any CPU
		{E124AE22-EA05-4E97-9F83-C4DFCB4E6996}.Release|ARM.Build.0 = Release|Any CPU
		{E124AE22-EA05-4E97-9F83-C4DFCB4E6996}.Release|ARM64.ActiveCfg = Release|Any CPU
		{E124AE22-EA05-4E97-9F83-C4DFCB4E6996}.Release|ARM64.Build.0 = Release|Any CPU
		{E124AE22-EA05-4E97-9F83-C4DFCB4E6996}.Release|x64.ActiveCfg = Release|Any CPU
		{E124AE22-EA05-4E97-9F83-C4DFCB4E6996}.Release|x64.Build.0 = Release|Any CPU
		{E124AE22-EA05-4E97-9F83-C4DFCB4E6996}.Release|x86.ActiveCfg = Release|Any CPU
		{E124AE22-EA05-4E97-9F83-C4DFCB4E6996}.Release|x86.Build.0 = Release|Any CPU
		{E46AAC53-2EAA-4E50-A78A-69C3A4A52CF3}.Debug|Any CPU.ActiveCfg = Debug|Any CPU
		{E46AAC53-2EAA-4E50-A78A-69C3A4A52CF3}.Debug|Any CPU.Build.0 = Debug|Any CPU
		{E46AAC53-2EAA-4E50-A78A-69C3A4A52CF3}.Debug|ARM.ActiveCfg = Debug|Any CPU
		{E46AAC53-2EAA-4E50-A78A-69C3A4A52CF3}.Debug|ARM.Build.0 = Debug|Any CPU
		{E46AAC53-2EAA-4E50-A78A-69C3A4A52CF3}.Debug|ARM64.ActiveCfg = Debug|Any CPU
		{E46AAC53-2EAA-4E50-A78A-69C3A4A52CF3}.Debug|ARM64.Build.0 = Debug|Any CPU
		{E46AAC53-2EAA-4E50-A78A-69C3A4A52CF3}.Debug|x64.ActiveCfg = Debug|Any CPU
		{E46AAC53-2EAA-4E50-A78A-69C3A4A52CF3}.Debug|x64.Build.0 = Debug|Any CPU
		{E46AAC53-2EAA-4E50-A78A-69C3A4A52CF3}.Debug|x86.ActiveCfg = Debug|Any CPU
		{E46AAC53-2EAA-4E50-A78A-69C3A4A52CF3}.Debug|x86.Build.0 = Debug|Any CPU
		{E46AAC53-2EAA-4E50-A78A-69C3A4A52CF3}.Release|Any CPU.ActiveCfg = Release|Any CPU
		{E46AAC53-2EAA-4E50-A78A-69C3A4A52CF3}.Release|Any CPU.Build.0 = Release|Any CPU
		{E46AAC53-2EAA-4E50-A78A-69C3A4A52CF3}.Release|ARM.ActiveCfg = Release|Any CPU
		{E46AAC53-2EAA-4E50-A78A-69C3A4A52CF3}.Release|ARM.Build.0 = Release|Any CPU
		{E46AAC53-2EAA-4E50-A78A-69C3A4A52CF3}.Release|ARM64.ActiveCfg = Release|Any CPU
		{E46AAC53-2EAA-4E50-A78A-69C3A4A52CF3}.Release|ARM64.Build.0 = Release|Any CPU
		{E46AAC53-2EAA-4E50-A78A-69C3A4A52CF3}.Release|x64.ActiveCfg = Release|Any CPU
		{E46AAC53-2EAA-4E50-A78A-69C3A4A52CF3}.Release|x64.Build.0 = Release|Any CPU
		{E46AAC53-2EAA-4E50-A78A-69C3A4A52CF3}.Release|x86.ActiveCfg = Release|Any CPU
		{E46AAC53-2EAA-4E50-A78A-69C3A4A52CF3}.Release|x86.Build.0 = Release|Any CPU
		{818B69F1-8781-46D9-B6D2-2632E99C4A57}.Debug|Any CPU.ActiveCfg = Debug|Any CPU
		{818B69F1-8781-46D9-B6D2-2632E99C4A57}.Debug|Any CPU.Build.0 = Debug|Any CPU
		{818B69F1-8781-46D9-B6D2-2632E99C4A57}.Debug|ARM.ActiveCfg = Debug|Any CPU
		{818B69F1-8781-46D9-B6D2-2632E99C4A57}.Debug|ARM.Build.0 = Debug|Any CPU
		{818B69F1-8781-46D9-B6D2-2632E99C4A57}.Debug|ARM64.ActiveCfg = Debug|Any CPU
		{818B69F1-8781-46D9-B6D2-2632E99C4A57}.Debug|ARM64.Build.0 = Debug|Any CPU
		{818B69F1-8781-46D9-B6D2-2632E99C4A57}.Debug|x64.ActiveCfg = Debug|Any CPU
		{818B69F1-8781-46D9-B6D2-2632E99C4A57}.Debug|x64.Build.0 = Debug|Any CPU
		{818B69F1-8781-46D9-B6D2-2632E99C4A57}.Debug|x86.ActiveCfg = Debug|Any CPU
		{818B69F1-8781-46D9-B6D2-2632E99C4A57}.Debug|x86.Build.0 = Debug|Any CPU
		{818B69F1-8781-46D9-B6D2-2632E99C4A57}.Release|Any CPU.ActiveCfg = Release|Any CPU
		{818B69F1-8781-46D9-B6D2-2632E99C4A57}.Release|Any CPU.Build.0 = Release|Any CPU
		{818B69F1-8781-46D9-B6D2-2632E99C4A57}.Release|ARM.ActiveCfg = Release|Any CPU
		{818B69F1-8781-46D9-B6D2-2632E99C4A57}.Release|ARM.Build.0 = Release|Any CPU
		{818B69F1-8781-46D9-B6D2-2632E99C4A57}.Release|ARM64.ActiveCfg = Release|Any CPU
		{818B69F1-8781-46D9-B6D2-2632E99C4A57}.Release|ARM64.Build.0 = Release|Any CPU
		{818B69F1-8781-46D9-B6D2-2632E99C4A57}.Release|x64.ActiveCfg = Release|Any CPU
		{818B69F1-8781-46D9-B6D2-2632E99C4A57}.Release|x64.Build.0 = Release|Any CPU
		{818B69F1-8781-46D9-B6D2-2632E99C4A57}.Release|x86.ActiveCfg = Release|Any CPU
		{818B69F1-8781-46D9-B6D2-2632E99C4A57}.Release|x86.Build.0 = Release|Any CPU
		{3B6C5834-C301-4FE4-9AA1-EAF1F3BE3E04}.Debug|Any CPU.ActiveCfg = Debug|Any CPU
		{3B6C5834-C301-4FE4-9AA1-EAF1F3BE3E04}.Debug|Any CPU.Build.0 = Debug|Any CPU
		{3B6C5834-C301-4FE4-9AA1-EAF1F3BE3E04}.Debug|ARM.ActiveCfg = Debug|Any CPU
		{3B6C5834-C301-4FE4-9AA1-EAF1F3BE3E04}.Debug|ARM.Build.0 = Debug|Any CPU
		{3B6C5834-C301-4FE4-9AA1-EAF1F3BE3E04}.Debug|ARM64.ActiveCfg = Debug|Any CPU
		{3B6C5834-C301-4FE4-9AA1-EAF1F3BE3E04}.Debug|ARM64.Build.0 = Debug|Any CPU
		{3B6C5834-C301-4FE4-9AA1-EAF1F3BE3E04}.Debug|x64.ActiveCfg = Debug|Any CPU
		{3B6C5834-C301-4FE4-9AA1-EAF1F3BE3E04}.Debug|x64.Build.0 = Debug|Any CPU
		{3B6C5834-C301-4FE4-9AA1-EAF1F3BE3E04}.Debug|x86.ActiveCfg = Debug|Any CPU
		{3B6C5834-C301-4FE4-9AA1-EAF1F3BE3E04}.Debug|x86.Build.0 = Debug|Any CPU
		{3B6C5834-C301-4FE4-9AA1-EAF1F3BE3E04}.Release|Any CPU.ActiveCfg = Release|Any CPU
		{3B6C5834-C301-4FE4-9AA1-EAF1F3BE3E04}.Release|Any CPU.Build.0 = Release|Any CPU
		{3B6C5834-C301-4FE4-9AA1-EAF1F3BE3E04}.Release|ARM.ActiveCfg = Release|Any CPU
		{3B6C5834-C301-4FE4-9AA1-EAF1F3BE3E04}.Release|ARM.Build.0 = Release|Any CPU
		{3B6C5834-C301-4FE4-9AA1-EAF1F3BE3E04}.Release|ARM64.ActiveCfg = Release|Any CPU
		{3B6C5834-C301-4FE4-9AA1-EAF1F3BE3E04}.Release|ARM64.Build.0 = Release|Any CPU
		{3B6C5834-C301-4FE4-9AA1-EAF1F3BE3E04}.Release|x64.ActiveCfg = Release|Any CPU
		{3B6C5834-C301-4FE4-9AA1-EAF1F3BE3E04}.Release|x64.Build.0 = Release|Any CPU
		{3B6C5834-C301-4FE4-9AA1-EAF1F3BE3E04}.Release|x86.ActiveCfg = Release|Any CPU
		{3B6C5834-C301-4FE4-9AA1-EAF1F3BE3E04}.Release|x86.Build.0 = Release|Any CPU
	EndGlobalSection
	GlobalSection(SolutionProperties) = preSolution
		HideSolutionNode = FALSE
	EndGlobalSection
	GlobalSection(ExtensibilityGlobals) = postSolution
		SolutionGuid = {532E3867-B358-4462-9EBF-163D10AF7E85}
	EndGlobalSection
EndGlobal
